
Microsoft Visual Studio Solution File, Format Version 12.00
# Visual Studio Version 16
VisualStudioVersion = 16.0.34407.143
MinimumVisualStudioVersion = 10.0.40219.1
Project("{FAE04EC0-301F-11D3-BF4B-00C04F79EFBC}") = "MockApp3AndroidWear", "MockApp3AndroidWear\MockApp3AndroidWear.csproj", "{6B60616E-FBEF-4A25-B935-CEC76C755ADC}"
EndProject
Global
	GlobalSection(SolutionConfigurationPlatforms) = preSolution
		Debug|Any CPU = Debug|Any CPU
		Release|Any CPU = Release|Any CPU
	EndGlobalSection
	GlobalSection(ProjectConfigurationPlatforms) = postSolution
		{6B60616E-FBEF-4A25-B935-CEC76C755ADC}.Debug|Any CPU.ActiveCfg = Debug|Any CPU
		{6B60616E-FBEF-4A25-B935-CEC76C755ADC}.Debug|Any CPU.Build.0 = Debug|Any CPU
		{6B60616E-FBEF-4A25-B935-CEC76C755ADC}.Debug|Any CPU.Deploy.0 = Debug|Any CPU
		{6B60616E-FBEF-4A25-B935-CEC76C755ADC}.Release|Any CPU.ActiveCfg = Release|Any CPU
		{6B60616E-FBEF-4A25-B935-CEC76C755ADC}.Release|Any CPU.Build.0 = Release|Any CPU
		{6B60616E-FBEF-4A25-B935-CEC76C755ADC}.Release|Any CPU.Deploy.0 = Release|Any CPU
	EndGlobalSection
	GlobalSection(SolutionProperties) = preSolution
		HideSolutionNode = FALSE
	EndGlobalSection
	GlobalSection(ExtensibilityGlobals) = postSolution
		SolutionGuid = {6805A732-D28B-43C3-8E0C-DFD51110A827}
	EndGlobalSection
EndGlobal
